{
  "name": "jingshi",
  "version": "1.0.0",
  "lockfileVersion": 1,
  "requires": true,
  "dependencies": {
    "dayjs": {
      "version": "1.8.16",
      "resolved": "https://registry.npmjs.org/dayjs/-/dayjs-1.8.16.tgz",
      "integrity": "sha512-XPmqzWz/EJiaRHjBqSJ2s6hE/BUoCIHKgdS2QPtTQtKcS9E4/Qn0WomoH1lXanWCzri+g7zPcuNV4aTZ8PMORQ=="
    },
    "vant-weapp": {
      "version": "0.5.15",
      "resolved": "https://registry.npm.taobao.org/vant-weapp/download/vant-weapp-0.5.15.tgz",
      "integrity": "sha1-d4BGdtZlcBw3v4tzfd8oZD5ivZs="
    }
  }
}
